
Microsoft Visual Studio Solution File, Format Version 12.00
# Visual Studio 15
VisualStudioVersion = 15.0.26730.12
MinimumVisualStudioVersion = 10.0.40219.1
Project("{FAE04EC0-301F-11D3-BF4B-00C04F79EFBC}") = "4.20 sem", "4.20 sem\4.20 sem.csproj", "{EC5DC95C-C4F2-4F68-809B-9BB56F9B70DE}"
EndProject
Global
	GlobalSection(SolutionConfigurationPlatforms) = preSolution
		Debug|Any CPU = Debug|Any CPU
		Release|Any CPU = Release|Any CPU
	EndGlobalSection
	GlobalSection(ProjectConfigurationPlatforms) = postSolution
		{EC5DC95C-C4F2-4F68-809B-9BB56F9B70DE}.Debug|Any CPU.ActiveCfg = Debug|Any CPU
		{EC5DC95C-C4F2-4F68-809B-9BB56F9B70DE}.Debug|Any CPU.Build.0 = Debug|Any CPU
		{EC5DC95C-C4F2-4F68-809B-9BB56F9B70DE}.Release|Any CPU.ActiveCfg = Release|Any CPU
		{EC5DC95C-C4F2-4F68-809B-9BB56F9B70DE}.Release|Any CPU.Build.0 = Release|Any CPU
	EndGlobalSection
	GlobalSection(SolutionProperties) = preSolution
		HideSolutionNode = FALSE
	EndGlobalSection
	GlobalSection(ExtensibilityGlobals) = postSolution
		SolutionGuid = {B60B5F71-B9B0-4DFB-A71E-752B56F8989F}
	EndGlobalSection
EndGlobal
