
Microsoft Visual Studio Solution File, Format Version 12.00
# Visual Studio 15
VisualStudioVersion = 15.0.26730.12
MinimumVisualStudioVersion = 10.0.40219.1
Project("{FAE04EC0-301F-11D3-BF4B-00C04F79EFBC}") = "5 practice", "5 practice\5 practice.csproj", "{EC0427AF-D91F-4269-963D-4B9CFCB3DF05}"
EndProject
Global
	GlobalSection(SolutionConfigurationPlatforms) = preSolution
		Debug|Any CPU = Debug|Any CPU
		Release|Any CPU = Release|Any CPU
	EndGlobalSection
	GlobalSection(ProjectConfigurationPlatforms) = postSolution
		{EC0427AF-D91F-4269-963D-4B9CFCB3DF05}.Debug|Any CPU.ActiveCfg = Debug|Any CPU
		{EC0427AF-D91F-4269-963D-4B9CFCB3DF05}.Debug|Any CPU.Build.0 = Debug|Any CPU
		{EC0427AF-D91F-4269-963D-4B9CFCB3DF05}.Release|Any CPU.ActiveCfg = Release|Any CPU
		{EC0427AF-D91F-4269-963D-4B9CFCB3DF05}.Release|Any CPU.Build.0 = Release|Any CPU
	EndGlobalSection
	GlobalSection(SolutionProperties) = preSolution
		HideSolutionNode = FALSE
	EndGlobalSection
	GlobalSection(ExtensibilityGlobals) = postSolution
		SolutionGuid = {B3934182-6313-4D18-AA59-9C9F7139F417}
	EndGlobalSection
EndGlobal
