
Microsoft Visual Studio Solution File, Format Version 12.00
# Visual Studio 15
VisualStudioVersion = 15.0.26730.12
MinimumVisualStudioVersion = 10.0.40219.1
Project("{FAE04EC0-301F-11D3-BF4B-00C04F79EFBC}") = "5 week 2 practice", "5 week 2 practice\5 week 2 practice.csproj", "{CA1D2462-64E0-4178-AB71-AE5A1341CDC9}"
EndProject
Global
	GlobalSection(SolutionConfigurationPlatforms) = preSolution
		Debug|Any CPU = Debug|Any CPU
		Release|Any CPU = Release|Any CPU
	EndGlobalSection
	GlobalSection(ProjectConfigurationPlatforms) = postSolution
		{CA1D2462-64E0-4178-AB71-AE5A1341CDC9}.Debug|Any CPU.ActiveCfg = Debug|Any CPU
		{CA1D2462-64E0-4178-AB71-AE5A1341CDC9}.Debug|Any CPU.Build.0 = Debug|Any CPU
		{CA1D2462-64E0-4178-AB71-AE5A1341CDC9}.Release|Any CPU.ActiveCfg = Release|Any CPU
		{CA1D2462-64E0-4178-AB71-AE5A1341CDC9}.Release|Any CPU.Build.0 = Release|Any CPU
	EndGlobalSection
	GlobalSection(SolutionProperties) = preSolution
		HideSolutionNode = FALSE
	EndGlobalSection
	GlobalSection(ExtensibilityGlobals) = postSolution
		SolutionGuid = {19839113-2D9F-40E0-82BF-DC5602ADE2DD}
	EndGlobalSection
EndGlobal
